
Microsoft Visual Studio Solution File, Format Version 12.00
# Visual Studio Version 17
VisualStudioVersion = 17.4.33213.308
MinimumVisualStudioVersion = 10.0.40219.1
Project("{9A19103F-16F7-4668-BE54-9A1E7A4F7556}") = "Zlib-ng.NET", "Zlib-ng.NET\Zlib-ng.NET.csproj", "{96B7EDC0-730B-4605-8764-BD828BB15C2B}"
EndProject
Project("{9A19103F-16F7-4668-BE54-9A1E7A4F7556}") = "Zlib-ng.NET.Benchmarks", "Zlib-ng.NET.Benchmarks\Zlib-ng.NET.Benchmarks.csproj", "{923C6A0D-D1C6-4550-84B6-CD56AE3CE393}"
EndProject
Project("{FAE04EC0-301F-11D3-BF4B-00C04F79EFBC}") = "Zlib-ng.NET.Tests", "Zlib-ng.NET.Tests\Zlib-ng.NET.Tests.csproj", "{5A6DE92A-01BE-4569-84AF-1AFD2353EB30}"
EndProject
Global
	GlobalSection(SolutionConfigurationPlatforms) = preSolution
		Debug|Any CPU = Debug|Any CPU
		Release|Any CPU = Release|Any CPU
	EndGlobalSection
	GlobalSection(ProjectConfigurationPlatforms) = postSolution
		{96B7EDC0-730B-4605-8764-BD828BB15C2B}.Debug|Any CPU.ActiveCfg = Debug|Any CPU
		{96B7EDC0-730B-4605-8764-BD828BB15C2B}.Debug|Any CPU.Build.0 = Debug|Any CPU
		{96B7EDC0-730B-4605-8764-BD828BB15C2B}.Release|Any CPU.ActiveCfg = Release|Any CPU
		{96B7EDC0-730B-4605-8764-BD828BB15C2B}.Release|Any CPU.Build.0 = Release|Any CPU
		{923C6A0D-D1C6-4550-84B6-CD56AE3CE393}.Debug|Any CPU.ActiveCfg = Debug|Any CPU
		{923C6A0D-D1C6-4550-84B6-CD56AE3CE393}.Debug|Any CPU.Build.0 = Debug|Any CPU
		{923C6A0D-D1C6-4550-84B6-CD56AE3CE393}.Release|Any CPU.ActiveCfg = Release|Any CPU
		{923C6A0D-D1C6-4550-84B6-CD56AE3CE393}.Release|Any CPU.Build.0 = Release|Any CPU
		{5A6DE92A-01BE-4569-84AF-1AFD2353EB30}.Debug|Any CPU.ActiveCfg = Debug|Any CPU
		{5A6DE92A-01BE-4569-84AF-1AFD2353EB30}.Debug|Any CPU.Build.0 = Debug|Any CPU
		{5A6DE92A-01BE-4569-84AF-1AFD2353EB30}.Release|Any CPU.ActiveCfg = Release|Any CPU
		{5A6DE92A-01BE-4569-84AF-1AFD2353EB30}.Release|Any CPU.Build.0 = Release|Any CPU
	EndGlobalSection
	GlobalSection(SolutionProperties) = preSolution
		HideSolutionNode = FALSE
	EndGlobalSection
	GlobalSection(ExtensibilityGlobals) = postSolution
		SolutionGuid = {B6EA47E2-0A8D-4B18-BCEF-EB3D5AF1308F}
	EndGlobalSection
EndGlobal
