<Solution>
  <Folder Name="/Solution Items/">
    <File Path=".editorconfig" />
    <File Path="Directory.Build.props" />
    <File Path="Directory.Packages.props" />
  </Folder>
  <Project Path="Zlib-ng.NET.Benchmarks/Zlib-ng.NET.Benchmarks.csproj" />
  <Project Path="Zlib-ng.NET.Tests/Zlib-ng.NET.Tests.csproj" />
  <Project Path="Zlib-ng.NET/Zlib-ng.NET.csproj" />
</Solution>
